
Microsoft Visual Studio Solution File, Format Version 12.00
# Visual Studio Version 17
VisualStudioVersion = 17.7.34009.444
MinimumVisualStudioVersion = 10.0.40219.1
Project("{FAE04EC0-301F-11D3-BF4B-00C04F79EFBC}") = "Practica2ConsoleApp", "Practica2ConsoleApp\Practica2ConsoleApp.csproj", "{6F662893-872F-44D8-89E1-AD109AE2CE6F}"
EndProject
Project("{FAE04EC0-301F-11D3-BF4B-00C04F79EFBC}") = "Practica2UnitTests", "Practica2UnitTests\Practica2UnitTests.csproj", "{B1F19C58-941A-44D2-8F16-FBF29703598A}"
EndProject
Global
	GlobalSection(SolutionConfigurationPlatforms) = preSolution
		Debug|Any CPU = Debug|Any CPU
		Release|Any CPU = Release|Any CPU
	EndGlobalSection
	GlobalSection(ProjectConfigurationPlatforms) = postSolution
		{6F662893-872F-44D8-89E1-AD109AE2CE6F}.Debug|Any CPU.ActiveCfg = Debug|Any CPU
		{6F662893-872F-44D8-89E1-AD109AE2CE6F}.Debug|Any CPU.Build.0 = Debug|Any CPU
		{6F662893-872F-44D8-89E1-AD109AE2CE6F}.Release|Any CPU.ActiveCfg = Release|Any CPU
		{6F662893-872F-44D8-89E1-AD109AE2CE6F}.Release|Any CPU.Build.0 = Release|Any CPU
		{B1F19C58-941A-44D2-8F16-FBF29703598A}.Debug|Any CPU.ActiveCfg = Debug|Any CPU
		{B1F19C58-941A-44D2-8F16-FBF29703598A}.Debug|Any CPU.Build.0 = Debug|Any CPU
		{B1F19C58-941A-44D2-8F16-FBF29703598A}.Release|Any CPU.ActiveCfg = Release|Any CPU
		{B1F19C58-941A-44D2-8F16-FBF29703598A}.Release|Any CPU.Build.0 = Release|Any CPU
	EndGlobalSection
	GlobalSection(SolutionProperties) = preSolution
		HideSolutionNode = FALSE
	EndGlobalSection
	GlobalSection(ExtensibilityGlobals) = postSolution
		SolutionGuid = {40F9E665-D2E4-46E5-AD3C-2E55957529D2}
	EndGlobalSection
EndGlobal
