
Microsoft Visual Studio Solution File, Format Version 12.00
# Visual Studio Version 17
VisualStudioVersion = 17.7.34009.444
MinimumVisualStudioVersion = 10.0.40219.1
Project("{FAE04EC0-301F-11D3-BF4B-00C04F79EFBC}") = "TransportWebApp", "TransportWebApp\TransportWebApp.csproj", "{804D16B6-6B04-46F3-96B9-B022A6078464}"
EndProject
Global
	GlobalSection(SolutionConfigurationPlatforms) = preSolution
		Debug|Any CPU = Debug|Any CPU
		Release|Any CPU = Release|Any CPU
	EndGlobalSection
	GlobalSection(ProjectConfigurationPlatforms) = postSolution
		{804D16B6-6B04-46F3-96B9-B022A6078464}.Debug|Any CPU.ActiveCfg = Debug|Any CPU
		{804D16B6-6B04-46F3-96B9-B022A6078464}.Debug|Any CPU.Build.0 = Debug|Any CPU
		{804D16B6-6B04-46F3-96B9-B022A6078464}.Release|Any CPU.ActiveCfg = Release|Any CPU
		{804D16B6-6B04-46F3-96B9-B022A6078464}.Release|Any CPU.Build.0 = Release|Any CPU
	EndGlobalSection
	GlobalSection(SolutionProperties) = preSolution
		HideSolutionNode = FALSE
	EndGlobalSection
	GlobalSection(ExtensibilityGlobals) = postSolution
		SolutionGuid = {7245D40A-8BD7-47E6-89EE-B6C6A0C2B07B}
	EndGlobalSection
EndGlobal
